// !$*UTF8*$!
{
	archiveVersion = 1;
	classes = {
	};
	objectVersion = 56;
	objects = {

/* Begin PBXBuildFile section */
		7B01A98E2C700FE200B745BB /* UserDefaults.swift in Sources */ = {isa = PBXBuildFile; fileRef = 7B01A98D2C700FE200B745BB /* UserDefaults.swift */; };
		7B0635792C6EC46C00150802 /* LibreLinkUpConnection.swift in Sources */ = {isa = PBXBuildFile; fileRef = 7B0635782C6EC46C00150802 /* LibreLinkUpConnection.swift */; };
		7B183E972C84B09D0018A24F /* PhoneToWatchConnector.swift in Sources */ = {isa = PBXBuildFile; fileRef = 7B183E962C84B09D0018A24F /* PhoneToWatchConnector.swift */; };
		7B183E992C84B0AA0018A24F /* WatchToPhoneConnector.swift in Sources */ = {isa = PBXBuildFile; fileRef = 7B183E982C84B0AA0018A24F /* WatchToPhoneConnector.swift */; };
		7B183E9B2C84C9540018A24F /* PhoneAppInsulinDeliveryView.swift in Sources */ = {isa = PBXBuildFile; fileRef = 7B183E9A2C84C9540018A24F /* PhoneAppInsulinDeliveryView.swift */; };
		7B1A7CA42C79E413006D603C /* LibreLinkUp.swift in Sources */ = {isa = PBXBuildFile; fileRef = 7B1A7CA32C79E413006D603C /* LibreLinkUp.swift */; };
		7B1A7CA62C79E8E2006D603C /* Settings.swift in Sources */ = {isa = PBXBuildFile; fileRef = 7B1A7CA52C79E8E2006D603C /* Settings.swift */; };
		7B1A7CA82C79EF7C006D603C /* MainDelegate.swift in Sources */ = {isa = PBXBuildFile; fileRef = 7B1A7CA72C79EF7C006D603C /* MainDelegate.swift */; };
		7B435CCC2C6D46DF006F6E53 /* Logger.swift in Sources */ = {isa = PBXBuildFile; fileRef = 7B435CCB2C6D46DF006F6E53 /* Logger.swift */; };
		7B435CD02C6D5103006F6E53 /* Date.swift in Sources */ = {isa = PBXBuildFile; fileRef = 7B435CCF2C6D5103006F6E53 /* Date.swift */; };
		7B435CD22C6D51F9006F6E53 /* Localizable.xcstrings in Resources */ = {isa = PBXBuildFile; fileRef = 7B435CD12C6D51F9006F6E53 /* Localizable.xcstrings */; };
		7B435CD42C6D57F5006F6E53 /* String.swift in Sources */ = {isa = PBXBuildFile; fileRef = 7B435CD32C6D57F5006F6E53 /* String.swift */; };
		7B462BFD2C7FBAC8003FEDC3 /* MeasurementColor.swift in Sources */ = {isa = PBXBuildFile; fileRef = 7B462BFC2C7FBAC8003FEDC3 /* MeasurementColor.swift */; };
		7B462BFE2C7FC46A003FEDC3 /* MeasurementColor.swift in Sources */ = {isa = PBXBuildFile; fileRef = 7B462BFC2C7FBAC8003FEDC3 /* MeasurementColor.swift */; };
		7B9B7A7B2C875453004B30FD /* PhoneAppSettingsView.swift in Sources */ = {isa = PBXBuildFile; fileRef = 7B9B7A7A2C875453004B30FD /* PhoneAppSettingsView.swift */; };
		7BA0AE2D2C582F63004226FE /* LibreWristApp.swift in Sources */ = {isa = PBXBuildFile; fileRef = 7BA0AE2C2C582F63004226FE /* LibreWristApp.swift */; };
		7BA0AE2F2C582F63004226FE /* ContentView.swift in Sources */ = {isa = PBXBuildFile; fileRef = 7BA0AE2E2C582F63004226FE /* ContentView.swift */; };
		7BA0AE312C582F64004226FE /* Assets.xcassets in Resources */ = {isa = PBXBuildFile; fileRef = 7BA0AE302C582F64004226FE /* Assets.xcassets */; };
		7BA0AE342C582F64004226FE /* Preview Assets.xcassets in Resources */ = {isa = PBXBuildFile; fileRef = 7BA0AE332C582F64004226FE /* Preview Assets.xcassets */; };
		7BA0AE3E2C582F64004226FE /* LibreWristTests.swift in Sources */ = {isa = PBXBuildFile; fileRef = 7BA0AE3D2C582F64004226FE /* LibreWristTests.swift */; };
		7BA0AE482C582F64004226FE /* LibreWristUITests.swift in Sources */ = {isa = PBXBuildFile; fileRef = 7BA0AE472C582F64004226FE /* LibreWristUITests.swift */; };
		7BA0AE4A2C582F64004226FE /* LibreWristUITestsLaunchTests.swift in Sources */ = {isa = PBXBuildFile; fileRef = 7BA0AE492C582F64004226FE /* LibreWristUITestsLaunchTests.swift */; };
		7BA0AE572C5834F6004226FE /* PhoneAppConnectView.swift in Sources */ = {isa = PBXBuildFile; fileRef = 7BA0AE562C5834F6004226FE /* PhoneAppConnectView.swift */; };
		7BA0AE5B2C5AE980004226FE /* PhoneAppHomeView.swift in Sources */ = {isa = PBXBuildFile; fileRef = 7BA0AE5A2C5AE980004226FE /* PhoneAppHomeView.swift */; };
		7BA0AE5D2C5AEB89004226FE /* PhoneAppDonateView.swift in Sources */ = {isa = PBXBuildFile; fileRef = 7BA0AE5C2C5AEB89004226FE /* PhoneAppDonateView.swift */; };
		7BADE00E2C73E1E60074A47F /* Sensor.swift in Sources */ = {isa = PBXBuildFile; fileRef = 7BADE00D2C73E1E60074A47F /* Sensor.swift */; };
		7BADE0102C73E30C0074A47F /* SensorFamily.swift in Sources */ = {isa = PBXBuildFile; fileRef = 7BADE00F2C73E30C0074A47F /* SensorFamily.swift */; };
		7BADE0122C73E3440074A47F /* SensorType.swift in Sources */ = {isa = PBXBuildFile; fileRef = 7BADE0112C73E3440074A47F /* SensorType.swift */; };
		7BADE0142C73E3770074A47F /* SensorRegion.swift in Sources */ = {isa = PBXBuildFile; fileRef = 7BADE0132C73E3770074A47F /* SensorRegion.swift */; };
		7BADE0162C73E3990074A47F /* SensorState.swift in Sources */ = {isa = PBXBuildFile; fileRef = 7BADE0152C73E3990074A47F /* SensorState.swift */; };
		7BADE0192C73E4520074A47F /* FactoryCalibrations.swift in Sources */ = {isa = PBXBuildFile; fileRef = 7BADE0182C73E4520074A47F /* FactoryCalibrations.swift */; };
		7BADE01B2C73E4B60074A47F /* Data.swift in Sources */ = {isa = PBXBuildFile; fileRef = 7BADE01A2C73E4B60074A47F /* Data.swift */; };
		7BADE01D2C73E4E70074A47F /* Int.swift in Sources */ = {isa = PBXBuildFile; fileRef = 7BADE01C2C73E4E70074A47F /* Int.swift */; };
		7BADE01F2C73E5C70074A47F /* SensorReading.swift in Sources */ = {isa = PBXBuildFile; fileRef = 7BADE01E2C73E5C70074A47F /* SensorReading.swift */; };
		7BADE0212C73EB060074A47F /* Double.swift in Sources */ = {isa = PBXBuildFile; fileRef = 7BADE0202C73EB060074A47F /* Double.swift */; };
		7BADE0232C73EB450074A47F /* GlucoseUnit.swift in Sources */ = {isa = PBXBuildFile; fileRef = 7BADE0222C73EB450074A47F /* GlucoseUnit.swift */; };
		7BB762FE2C8262E600C43600 /* WatchAppActionView.swift in Sources */ = {isa = PBXBuildFile; fileRef = 7BB762FD2C8262E600C43600 /* WatchAppActionView.swift */; };
		7BB763002C82642900C43600 /* WatchAppDonateView.swift in Sources */ = {isa = PBXBuildFile; fileRef = 7BB762FF2C82642900C43600 /* WatchAppDonateView.swift */; };
		7BB763032C8348BE00C43600 /* SecureDefaults.swift in Sources */ = {isa = PBXBuildFile; fileRef = 7BBD27892C7155BE001A71E7 /* SecureDefaults.swift */; };
		7BBD27882C7154F4001A71E7 /* SecureDefaults in Frameworks */ = {isa = PBXBuildFile; productRef = 7BBD27872C7154F4001A71E7 /* SecureDefaults */; };
		7BBD278A2C7155BE001A71E7 /* SecureDefaults.swift in Sources */ = {isa = PBXBuildFile; fileRef = 7BBD27892C7155BE001A71E7 /* SecureDefaults.swift */; };
		7BC51F382C7C77B2009542D2 /* LibreWristWatchApp.swift in Sources */ = {isa = PBXBuildFile; fileRef = 7BC51F372C7C77B2009542D2 /* LibreWristWatchApp.swift */; };
		7BC51F3A2C7C77B2009542D2 /* ContentView.swift in Sources */ = {isa = PBXBuildFile; fileRef = 7BC51F392C7C77B2009542D2 /* ContentView.swift */; };
		7BC51F3C2C7C77B3009542D2 /* Assets.xcassets in Resources */ = {isa = PBXBuildFile; fileRef = 7BC51F3B2C7C77B3009542D2 /* Assets.xcassets */; };
		7BC51F3F2C7C77B3009542D2 /* Preview Assets.xcassets in Resources */ = {isa = PBXBuildFile; fileRef = 7BC51F3E2C7C77B3009542D2 /* Preview Assets.xcassets */; };
		7BC51F422C7C77B3009542D2 /* LibreWristWatch Watch App.app in Embed Watch Content */ = {isa = PBXBuildFile; fileRef = 7BC51F352C7C77B2009542D2 /* LibreWristWatch Watch App.app */; settings = {ATTRIBUTES = (RemoveHeadersOnCopy, ); }; };
		7BC51F482C7C7FA3009542D2 /* WatchAppHomeView.swift in Sources */ = {isa = PBXBuildFile; fileRef = 7BC51F472C7C7FA3009542D2 /* WatchAppHomeView.swift */; };
		7BC51F4A2C7C80FE009542D2 /* WatchAppNightView.swift in Sources */ = {isa = PBXBuildFile; fileRef = 7BC51F492C7C80FE009542D2 /* WatchAppNightView.swift */; };
		7BC51F4B2C7C822C009542D2 /* LibreLinkUp.swift in Sources */ = {isa = PBXBuildFile; fileRef = 7B1A7CA32C79E413006D603C /* LibreLinkUp.swift */; };
		7BC51F4E2C7C82B7009542D2 /* SecureDefaults in Frameworks */ = {isa = PBXBuildFile; productRef = 7BC51F4D2C7C82B7009542D2 /* SecureDefaults */; };
		7BC51F4F2C7C8308009542D2 /* Int.swift in Sources */ = {isa = PBXBuildFile; fileRef = 7BADE01C2C73E4E70074A47F /* Int.swift */; };
		7BC51F512C7C8413009542D2 /* TrendArrow.swift in Sources */ = {isa = PBXBuildFile; fileRef = 7BC51F502C7C8413009542D2 /* TrendArrow.swift */; };
		7BC51F522C7C8413009542D2 /* TrendArrow.swift in Sources */ = {isa = PBXBuildFile; fileRef = 7BC51F502C7C8413009542D2 /* TrendArrow.swift */; };
		7BC51F532C7C84B6009542D2 /* GlucoseUnit.swift in Sources */ = {isa = PBXBuildFile; fileRef = 7BADE0222C73EB450074A47F /* GlucoseUnit.swift */; };
		7BC51F542C7C84E7009542D2 /* Double.swift in Sources */ = {isa = PBXBuildFile; fileRef = 7BADE0202C73EB060074A47F /* Double.swift */; };
		7BC51F552C7C851A009542D2 /* Settings.swift in Sources */ = {isa = PBXBuildFile; fileRef = 7B1A7CA52C79E8E2006D603C /* Settings.swift */; };
		7BC51F572C7C853B009542D2 /* Logger.swift in Sources */ = {isa = PBXBuildFile; fileRef = 7B435CCB2C6D46DF006F6E53 /* Logger.swift */; };
		7BC51F582C7C854F009542D2 /* Date.swift in Sources */ = {isa = PBXBuildFile; fileRef = 7B435CCF2C6D5103006F6E53 /* Date.swift */; };
		7BC51F592C7C8564009542D2 /* Data.swift in Sources */ = {isa = PBXBuildFile; fileRef = 7BADE01A2C73E4B60074A47F /* Data.swift */; };
		7BC51F5A2C7C8573009542D2 /* String.swift in Sources */ = {isa = PBXBuildFile; fileRef = 7B435CD32C6D57F5006F6E53 /* String.swift */; };
		7BC51F5B2C7C8589009542D2 /* SensorType.swift in Sources */ = {isa = PBXBuildFile; fileRef = 7BADE0112C73E3440074A47F /* SensorType.swift */; };
		7BC51F602C7C9406009542D2 /* FactoryCalibrations.swift in Sources */ = {isa = PBXBuildFile; fileRef = 7BADE0182C73E4520074A47F /* FactoryCalibrations.swift */; };
		7BC51FBB2C7D04DE009542D2 /* WatchAppSettingsView.swift in Sources */ = {isa = PBXBuildFile; fileRef = 7BC51FBA2C7D04DE009542D2 /* WatchAppSettingsView.swift */; };
		7BC51FBD2C7D31C3009542D2 /* History.swift in Sources */ = {isa = PBXBuildFile; fileRef = 7BC51FBC2C7D31C3009542D2 /* History.swift */; };
		7BC51FBE2C7D31C3009542D2 /* History.swift in Sources */ = {isa = PBXBuildFile; fileRef = 7BC51FBC2C7D31C3009542D2 /* History.swift */; };
		7BCA58692C8A292600C50F11 /* SensorSettings.swift in Sources */ = {isa = PBXBuildFile; fileRef = 7BCA58682C8A292600C50F11 /* SensorSettings.swift */; };
		7BCA586A2C8A292600C50F11 /* SensorSettings.swift in Sources */ = {isa = PBXBuildFile; fileRef = 7BCA58682C8A292600C50F11 /* SensorSettings.swift */; };
		7BFD83572C84DF6200A9B195 /* InsulinObjects.swift in Sources */ = {isa = PBXBuildFile; fileRef = 7BFD83562C84DF6200A9B195 /* InsulinObjects.swift */; };
		7BFD83582C84DF6200A9B195 /* InsulinObjects.swift in Sources */ = {isa = PBXBuildFile; fileRef = 7BFD83562C84DF6200A9B195 /* InsulinObjects.swift */; };
		7BFD835B2C84E48800A9B195 /* InsulinModel.swift in Sources */ = {isa = PBXBuildFile; fileRef = 7BFD835A2C84E48800A9B195 /* InsulinModel.swift */; };
		7BFD835C2C84E48800A9B195 /* InsulinModel.swift in Sources */ = {isa = PBXBuildFile; fileRef = 7BFD835A2C84E48800A9B195 /* InsulinModel.swift */; };
		7BFD835E2C84E48E00A9B195 /* ExponentialInsulinModel.swift in Sources */ = {isa = PBXBuildFile; fileRef = 7BFD835D2C84E48E00A9B195 /* ExponentialInsulinModel.swift */; };
		7BFD835F2C84E48E00A9B195 /* ExponentialInsulinModel.swift in Sources */ = {isa = PBXBuildFile; fileRef = 7BFD835D2C84E48E00A9B195 /* ExponentialInsulinModel.swift */; };
/* End PBXBuildFile section */

/* Begin PBXContainerItemProxy section */
		7BA0AE3A2C582F64004226FE /* PBXContainerItemProxy */ = {
			isa = PBXContainerItemProxy;
			containerPortal = 7BA0AE212C582F63004226FE /* Project object */;
			proxyType = 1;
			remoteGlobalIDString = 7BA0AE282C582F63004226FE;
			remoteInfo = LibreWrist;
		};
		7BA0AE442C582F64004226FE /* PBXContainerItemProxy */ = {
			isa = PBXContainerItemProxy;
			containerPortal = 7BA0AE212C582F63004226FE /* Project object */;
			proxyType = 1;
			remoteGlobalIDString = 7BA0AE282C582F63004226FE;
			remoteInfo = LibreWrist;
		};
		7BC51F402C7C77B3009542D2 /* PBXContainerItemProxy */ = {
			isa = PBXContainerItemProxy;
			containerPortal = 7BA0AE212C582F63004226FE /* Project object */;
			proxyType = 1;
			remoteGlobalIDString = 7BC51F342C7C77B2009542D2;
			remoteInfo = "LibreWristWatch Watch App";
		};
/* End PBXContainerItemProxy section */

/* Begin PBXCopyFilesBuildPhase section */
		7BC51F462C7C77B3009542D2 /* Embed Watch Content */ = {
			isa = PBXCopyFilesBuildPhase;
			buildActionMask = 2147483647;
			dstPath = "$(CONTENTS_FOLDER_PATH)/Watch";
			dstSubfolderSpec = 16;
			files = (
				7BC51F422C7C77B3009542D2 /* LibreWristWatch Watch App.app in Embed Watch Content */,
			);
			name = "Embed Watch Content";
			runOnlyForDeploymentPostprocessing = 0;
		};
/* End PBXCopyFilesBuildPhase section */

/* Begin PBXFileReference section */
		7B01A98D2C700FE200B745BB /* UserDefaults.swift */ = {isa = PBXFileReference; lastKnownFileType = sourcecode.swift; path = UserDefaults.swift; sourceTree = "<group>"; };
		7B0635782C6EC46C00150802 /* LibreLinkUpConnection.swift */ = {isa = PBXFileReference; lastKnownFileType = sourcecode.swift; path = LibreLinkUpConnection.swift; sourceTree = "<group>"; };
		7B183E962C84B09D0018A24F /* PhoneToWatchConnector.swift */ = {isa = PBXFileReference; fileEncoding = 4; lastKnownFileType = sourcecode.swift; path = PhoneToWatchConnector.swift; sourceTree = "<group>"; };
		7B183E982C84B0AA0018A24F /* WatchToPhoneConnector.swift */ = {isa = PBXFileReference; fileEncoding = 4; lastKnownFileType = sourcecode.swift; path = WatchToPhoneConnector.swift; sourceTree = "<group>"; };
		7B183E9A2C84C9540018A24F /* PhoneAppInsulinDeliveryView.swift */ = {isa = PBXFileReference; lastKnownFileType = sourcecode.swift; path = PhoneAppInsulinDeliveryView.swift; sourceTree = "<group>"; };
		7B1A7CA32C79E413006D603C /* LibreLinkUp.swift */ = {isa = PBXFileReference; lastKnownFileType = sourcecode.swift; path = LibreLinkUp.swift; sourceTree = "<group>"; };
		7B1A7CA52C79E8E2006D603C /* Settings.swift */ = {isa = PBXFileReference; lastKnownFileType = sourcecode.swift; path = Settings.swift; sourceTree = "<group>"; };
		7B1A7CA72C79EF7C006D603C /* MainDelegate.swift */ = {isa = PBXFileReference; lastKnownFileType = sourcecode.swift; path = MainDelegate.swift; sourceTree = "<group>"; };
		7B435CCB2C6D46DF006F6E53 /* Logger.swift */ = {isa = PBXFileReference; lastKnownFileType = sourcecode.swift; path = Logger.swift; sourceTree = "<group>"; };
		7B435CCF2C6D5103006F6E53 /* Date.swift */ = {isa = PBXFileReference; lastKnownFileType = sourcecode.swift; path = Date.swift; sourceTree = "<group>"; };
		7B435CD12C6D51F9006F6E53 /* Localizable.xcstrings */ = {isa = PBXFileReference; lastKnownFileType = text.json.xcstrings; path = Localizable.xcstrings; sourceTree = "<group>"; };
		7B435CD32C6D57F5006F6E53 /* String.swift */ = {isa = PBXFileReference; lastKnownFileType = sourcecode.swift; path = String.swift; sourceTree = "<group>"; };
		7B435CD52C6D5C1D006F6E53 /* Info.plist */ = {isa = PBXFileReference; lastKnownFileType = text.plist; path = Info.plist; sourceTree = "<group>"; };
		7B462BFC2C7FBAC8003FEDC3 /* MeasurementColor.swift */ = {isa = PBXFileReference; lastKnownFileType = sourcecode.swift; path = MeasurementColor.swift; sourceTree = "<group>"; };
		7B9B7A7A2C875453004B30FD /* PhoneAppSettingsView.swift */ = {isa = PBXFileReference; lastKnownFileType = sourcecode.swift; path = PhoneAppSettingsView.swift; sourceTree = "<group>"; };
		7BA0AE292C582F63004226FE /* LibreWrist.app */ = {isa = PBXFileReference; explicitFileType = wrapper.application; includeInIndex = 0; path = LibreWrist.app; sourceTree = BUILT_PRODUCTS_DIR; };
		7BA0AE2C2C582F63004226FE /* LibreWristApp.swift */ = {isa = PBXFileReference; lastKnownFileType = sourcecode.swift; path = LibreWristApp.swift; sourceTree = "<group>"; };
		7BA0AE2E2C582F63004226FE /* ContentView.swift */ = {isa = PBXFileReference; lastKnownFileType = sourcecode.swift; path = ContentView.swift; sourceTree = "<group>"; };
		7BA0AE302C582F64004226FE /* Assets.xcassets */ = {isa = PBXFileReference; lastKnownFileType = folder.assetcatalog; path = Assets.xcassets; sourceTree = "<group>"; };
		7BA0AE332C582F64004226FE /* Preview Assets.xcassets */ = {isa = PBXFileReference; lastKnownFileType = folder.assetcatalog; path = "Preview Assets.xcassets"; sourceTree = "<group>"; };
		7BA0AE392C582F64004226FE /* LibreWristTests.xctest */ = {isa = PBXFileReference; explicitFileType = wrapper.cfbundle; includeInIndex = 0; path = LibreWristTests.xctest; sourceTree = BUILT_PRODUCTS_DIR; };
		7BA0AE3D2C582F64004226FE /* LibreWristTests.swift */ = {isa = PBXFileReference; lastKnownFileType = sourcecode.swift; path = LibreWristTests.swift; sourceTree = "<group>"; };
		7BA0AE432C582F64004226FE /* LibreWristUITests.xctest */ = {isa = PBXFileReference; explicitFileType = wrapper.cfbundle; includeInIndex = 0; path = LibreWristUITests.xctest; sourceTree = BUILT_PRODUCTS_DIR; };
		7BA0AE472C582F64004226FE /* LibreWristUITests.swift */ = {isa = PBXFileReference; lastKnownFileType = sourcecode.swift; path = LibreWristUITests.swift; sourceTree = "<group>"; };
		7BA0AE492C582F64004226FE /* LibreWristUITestsLaunchTests.swift */ = {isa = PBXFileReference; lastKnownFileType = sourcecode.swift; path = LibreWristUITestsLaunchTests.swift; sourceTree = "<group>"; };
		7BA0AE562C5834F6004226FE /* PhoneAppConnectView.swift */ = {isa = PBXFileReference; lastKnownFileType = sourcecode.swift; path = PhoneAppConnectView.swift; sourceTree = "<group>"; };
		7BA0AE5A2C5AE980004226FE /* PhoneAppHomeView.swift */ = {isa = PBXFileReference; lastKnownFileType = sourcecode.swift; path = PhoneAppHomeView.swift; sourceTree = "<group>"; };
		7BA0AE5C2C5AEB89004226FE /* PhoneAppDonateView.swift */ = {isa = PBXFileReference; lastKnownFileType = sourcecode.swift; path = PhoneAppDonateView.swift; sourceTree = "<group>"; };
		7BADE00D2C73E1E60074A47F /* Sensor.swift */ = {isa = PBXFileReference; lastKnownFileType = sourcecode.swift; path = Sensor.swift; sourceTree = "<group>"; };
		7BADE00F2C73E30C0074A47F /* SensorFamily.swift */ = {isa = PBXFileReference; lastKnownFileType = sourcecode.swift; path = SensorFamily.swift; sourceTree = "<group>"; };
		7BADE0112C73E3440074A47F /* SensorType.swift */ = {isa = PBXFileReference; lastKnownFileType = sourcecode.swift; path = SensorType.swift; sourceTree = "<group>"; };
		7BADE0132C73E3770074A47F /* SensorRegion.swift */ = {isa = PBXFileReference; lastKnownFileType = sourcecode.swift; path = SensorRegion.swift; sourceTree = "<group>"; };
		7BADE0152C73E3990074A47F /* SensorState.swift */ = {isa = PBXFileReference; lastKnownFileType = sourcecode.swift; path = SensorState.swift; sourceTree = "<group>"; };
		7BADE0182C73E4520074A47F /* FactoryCalibrations.swift */ = {isa = PBXFileReference; lastKnownFileType = sourcecode.swift; path = FactoryCalibrations.swift; sourceTree = "<group>"; };
		7BADE01A2C73E4B60074A47F /* Data.swift */ = {isa = PBXFileReference; lastKnownFileType = sourcecode.swift; path = Data.swift; sourceTree = "<group>"; };
		7BADE01C2C73E4E70074A47F /* Int.swift */ = {isa = PBXFileReference; lastKnownFileType = sourcecode.swift; path = Int.swift; sourceTree = "<group>"; };
		7BADE01E2C73E5C70074A47F /* SensorReading.swift */ = {isa = PBXFileReference; lastKnownFileType = sourcecode.swift; path = SensorReading.swift; sourceTree = "<group>"; };
		7BADE0202C73EB060074A47F /* Double.swift */ = {isa = PBXFileReference; lastKnownFileType = sourcecode.swift; path = Double.swift; sourceTree = "<group>"; };
		7BADE0222C73EB450074A47F /* GlucoseUnit.swift */ = {isa = PBXFileReference; lastKnownFileType = sourcecode.swift; path = GlucoseUnit.swift; sourceTree = "<group>"; };
		7BB762FD2C8262E600C43600 /* WatchAppActionView.swift */ = {isa = PBXFileReference; lastKnownFileType = sourcecode.swift; path = WatchAppActionView.swift; sourceTree = "<group>"; };
		7BB762FF2C82642900C43600 /* WatchAppDonateView.swift */ = {isa = PBXFileReference; lastKnownFileType = sourcecode.swift; path = WatchAppDonateView.swift; sourceTree = "<group>"; };
		7BBD27892C7155BE001A71E7 /* SecureDefaults.swift */ = {isa = PBXFileReference; lastKnownFileType = sourcecode.swift; path = SecureDefaults.swift; sourceTree = "<group>"; };
		7BC51F352C7C77B2009542D2 /* LibreWristWatch Watch App.app */ = {isa = PBXFileReference; explicitFileType = wrapper.application; includeInIndex = 0; path = "LibreWristWatch Watch App.app"; sourceTree = BUILT_PRODUCTS_DIR; };
		7BC51F372C7C77B2009542D2 /* LibreWristWatchApp.swift */ = {isa = PBXFileReference; lastKnownFileType = sourcecode.swift; path = LibreWristWatchApp.swift; sourceTree = "<group>"; };
		7BC51F392C7C77B2009542D2 /* ContentView.swift */ = {isa = PBXFileReference; lastKnownFileType = sourcecode.swift; path = ContentView.swift; sourceTree = "<group>"; };
		7BC51F3B2C7C77B3009542D2 /* Assets.xcassets */ = {isa = PBXFileReference; lastKnownFileType = folder.assetcatalog; path = Assets.xcassets; sourceTree = "<group>"; };
		7BC51F3E2C7C77B3009542D2 /* Preview Assets.xcassets */ = {isa = PBXFileReference; lastKnownFileType = folder.assetcatalog; path = "Preview Assets.xcassets"; sourceTree = "<group>"; };
		7BC51F472C7C7FA3009542D2 /* WatchAppHomeView.swift */ = {isa = PBXFileReference; lastKnownFileType = sourcecode.swift; path = WatchAppHomeView.swift; sourceTree = "<group>"; };
		7BC51F492C7C80FE009542D2 /* WatchAppNightView.swift */ = {isa = PBXFileReference; lastKnownFileType = sourcecode.swift; path = WatchAppNightView.swift; sourceTree = "<group>"; };
		7BC51F502C7C8413009542D2 /* TrendArrow.swift */ = {isa = PBXFileReference; lastKnownFileType = sourcecode.swift; path = TrendArrow.swift; sourceTree = "<group>"; };
		7BC51F612C7C9CD1009542D2 /* LibreWristConfig.xcconfig */ = {isa = PBXFileReference; lastKnownFileType = text.xcconfig; path = LibreWristConfig.xcconfig; sourceTree = "<group>"; };
		7BC51F622C7C9D51009542D2 /* LibreWrist.entitlements */ = {isa = PBXFileReference; lastKnownFileType = text.plist.entitlements; path = LibreWrist.entitlements; sourceTree = "<group>"; };
		7BC51F632C7C9E96009542D2 /* LibreWristWatch Watch App.entitlements */ = {isa = PBXFileReference; lastKnownFileType = text.plist.entitlements; path = "LibreWristWatch Watch App.entitlements"; sourceTree = "<group>"; };
		7BC51F642C7CA68D009542D2 /* LibreWristWatch-Watch-App-Info.plist */ = {isa = PBXFileReference; lastKnownFileType = text.plist; path = "LibreWristWatch-Watch-App-Info.plist"; sourceTree = SOURCE_ROOT; };
		7BC51FBA2C7D04DE009542D2 /* WatchAppSettingsView.swift */ = {isa = PBXFileReference; lastKnownFileType = sourcecode.swift; path = WatchAppSettingsView.swift; sourceTree = "<group>"; };
		7BC51FBC2C7D31C3009542D2 /* History.swift */ = {isa = PBXFileReference; lastKnownFileType = sourcecode.swift; path = History.swift; sourceTree = "<group>"; };
		7BCA58682C8A292600C50F11 /* SensorSettings.swift */ = {isa = PBXFileReference; lastKnownFileType = sourcecode.swift; path = SensorSettings.swift; sourceTree = "<group>"; };
		7BFD83562C84DF6200A9B195 /* InsulinObjects.swift */ = {isa = PBXFileReference; lastKnownFileType = sourcecode.swift; path = InsulinObjects.swift; sourceTree = "<group>"; };
		7BFD835A2C84E48800A9B195 /* InsulinModel.swift */ = {isa = PBXFileReference; fileEncoding = 4; lastKnownFileType = sourcecode.swift; path = InsulinModel.swift; sourceTree = "<group>"; };
		7BFD835D2C84E48E00A9B195 /* ExponentialInsulinModel.swift */ = {isa = PBXFileReference; fileEncoding = 4; lastKnownFileType = sourcecode.swift; path = ExponentialInsulinModel.swift; sourceTree = "<group>"; };
/* End PBXFileReference section */

/* Begin PBXFrameworksBuildPhase section */
		7BA0AE262C582F63004226FE /* Frameworks */ = {
			isa = PBXFrameworksBuildPhase;
			buildActionMask = 2147483647;
			files = (
				7BBD27882C7154F4001A71E7 /* SecureDefaults in Frameworks */,
			);
			runOnlyForDeploymentPostprocessing = 0;
		};
		7BA0AE362C582F64004226FE /* Frameworks */ = {
			isa = PBXFrameworksBuildPhase;
			buildActionMask = 2147483647;
			files = (
			);
			runOnlyForDeploymentPostprocessing = 0;
		};
		7BA0AE402C582F64004226FE /* Frameworks */ = {
			isa = PBXFrameworksBuildPhase;
			buildActionMask = 2147483647;
			files = (
			);
			runOnlyForDeploymentPostprocessing = 0;
		};
		7BC51F322C7C77B2009542D2 /* Frameworks */ = {
			isa = PBXFrameworksBuildPhase;
			buildActionMask = 2147483647;
			files = (
				7BC51F4E2C7C82B7009542D2 /* SecureDefaults in Frameworks */,
			);
			runOnlyForDeploymentPostprocessing = 0;
		};
/* End PBXFrameworksBuildPhase section */

/* Begin PBXGroup section */
		7B183E952C84AE540018A24F /* SharedPhoneWatch */ = {
			isa = PBXGroup;
			children = (
				7BFD83592C84E47500A9B195 /* InsulinModel */,
				7B3EA4F72C6C08CC0061F239 /* Extensions */,
				7B3EA4FE2C6C0B1A0061F239 /* Models */,
				7B1A7CA32C79E413006D603C /* LibreLinkUp.swift */,
			);
			path = SharedPhoneWatch;
			sourceTree = "<group>";
		};
		7B3EA4F72C6C08CC0061F239 /* Extensions */ = {
			isa = PBXGroup;
			children = (
				7B435CCB2C6D46DF006F6E53 /* Logger.swift */,
				7B435CCF2C6D5103006F6E53 /* Date.swift */,
				7B435CD32C6D57F5006F6E53 /* String.swift */,
				7B1A7CA52C79E8E2006D603C /* Settings.swift */,
				7BBD27892C7155BE001A71E7 /* SecureDefaults.swift */,
				7BADE01A2C73E4B60074A47F /* Data.swift */,
				7BADE01C2C73E4E70074A47F /* Int.swift */,
				7BADE0202C73EB060074A47F /* Double.swift */,
				7B462BFC2C7FBAC8003FEDC3 /* MeasurementColor.swift */,
			);
			path = Extensions;
			sourceTree = "<group>";
		};
		7B3EA4FE2C6C0B1A0061F239 /* Models */ = {
			isa = PBXGroup;
			children = (
				7BADE0112C73E3440074A47F /* SensorType.swift */,
				7BADE0222C73EB450074A47F /* GlucoseUnit.swift */,
				7BC51F502C7C8413009542D2 /* TrendArrow.swift */,
				7BC51FBC2C7D31C3009542D2 /* History.swift */,
				7BFD83562C84DF6200A9B195 /* InsulinObjects.swift */,
				7BCA58682C8A292600C50F11 /* SensorSettings.swift */,
			);
			path = Models;
			sourceTree = "<group>";
		};
		7BA0AE202C582F63004226FE = {
			isa = PBXGroup;
			children = (
				7BB763012C8326E300C43600 /* unused */,
				7B183E952C84AE540018A24F /* SharedPhoneWatch */,
				7BC51F612C7C9CD1009542D2 /* LibreWristConfig.xcconfig */,
				7BA0AE2B2C582F63004226FE /* LibreWrist */,
				7BA0AE3C2C582F64004226FE /* LibreWristTests */,
				7BA0AE462C582F64004226FE /* LibreWristUITests */,
				7BC51F362C7C77B2009542D2 /* LibreWristWatch Watch App */,
				7BA0AE2A2C582F63004226FE /* Products */,
				7BC51F4C2C7C82B7009542D2 /* Frameworks */,
			);
			sourceTree = "<group>";
		};
		7BA0AE2A2C582F63004226FE /* Products */ = {
			isa = PBXGroup;
			children = (
				7BA0AE292C582F63004226FE /* LibreWrist.app */,
				7BA0AE392C582F64004226FE /* LibreWristTests.xctest */,
				7BA0AE432C582F64004226FE /* LibreWristUITests.xctest */,
				7BC51F352C7C77B2009542D2 /* LibreWristWatch Watch App.app */,
			);
			name = Products;
			sourceTree = "<group>";
		};
		7BA0AE2B2C582F63004226FE /* LibreWrist */ = {
			isa = PBXGroup;
			children = (
				7BA0AE2C2C582F63004226FE /* LibreWristApp.swift */,
				7B183E962C84B09D0018A24F /* PhoneToWatchConnector.swift */,
				7BC51FC02C7D3DEF009542D2 /* Views */,
				7B435CD12C6D51F9006F6E53 /* Localizable.xcstrings */,
				7BC51F622C7C9D51009542D2 /* LibreWrist.entitlements */,
				7B435CD52C6D5C1D006F6E53 /* Info.plist */,
				7BA0AE302C582F64004226FE /* Assets.xcassets */,
				7BA0AE322C582F64004226FE /* Preview Content */,
			);
			path = LibreWrist;
			sourceTree = "<group>";
		};
		7BA0AE322C582F64004226FE /* Preview Content */ = {
			isa = PBXGroup;
			children = (
				7BA0AE332C582F64004226FE /* Preview Assets.xcassets */,
			);
			path = "Preview Content";
			sourceTree = "<group>";
		};
		7BA0AE3C2C582F64004226FE /* LibreWristTests */ = {
			isa = PBXGroup;
			children = (
				7BA0AE3D2C582F64004226FE /* LibreWristTests.swift */,
			);
			path = LibreWristTests;
			sourceTree = "<group>";
		};
		7BA0AE462C582F64004226FE /* LibreWristUITests */ = {
			isa = PBXGroup;
			children = (
				7BA0AE472C582F64004226FE /* LibreWristUITests.swift */,
				7BA0AE492C582F64004226FE /* LibreWristUITestsLaunchTests.swift */,
			);
			path = LibreWristUITests;
			sourceTree = "<group>";
		};
		7BADE0172C73E43F0074A47F /* Calibrations */ = {
			isa = PBXGroup;
			children = (
				7BADE0182C73E4520074A47F /* FactoryCalibrations.swift */,
			);
			path = Calibrations;
			sourceTree = "<group>";
		};
		7BB763012C8326E300C43600 /* unused */ = {
			isa = PBXGroup;
			children = (
				7B01A98D2C700FE200B745BB /* UserDefaults.swift */,
				7BADE0172C73E43F0074A47F /* Calibrations */,
				7BADE00D2C73E1E60074A47F /* Sensor.swift */,
				7BADE00F2C73E30C0074A47F /* SensorFamily.swift */,
				7BADE0132C73E3770074A47F /* SensorRegion.swift */,
				7BADE0152C73E3990074A47F /* SensorState.swift */,
				7BADE01E2C73E5C70074A47F /* SensorReading.swift */,
				7B1A7CA72C79EF7C006D603C /* MainDelegate.swift */,
				7B0635782C6EC46C00150802 /* LibreLinkUpConnection.swift */,
			);
			path = unused;
			sourceTree = "<group>";
		};
		7BC51F362C7C77B2009542D2 /* LibreWristWatch Watch App */ = {
			isa = PBXGroup;
			children = (
				7BC51F372C7C77B2009542D2 /* LibreWristWatchApp.swift */,
				7B183E982C84B0AA0018A24F /* WatchToPhoneConnector.swift */,
				7BC51FBF2C7D3D4B009542D2 /* Views */,
				7BC51F642C7CA68D009542D2 /* LibreWristWatch-Watch-App-Info.plist */,
				7BC51F632C7C9E96009542D2 /* LibreWristWatch Watch App.entitlements */,
				7BC51F3B2C7C77B3009542D2 /* Assets.xcassets */,
				7BC51F3D2C7C77B3009542D2 /* Preview Content */,
			);
			path = "LibreWristWatch Watch App";
			sourceTree = "<group>";
		};
		7BC51F3D2C7C77B3009542D2 /* Preview Content */ = {
			isa = PBXGroup;
			children = (
				7BC51F3E2C7C77B3009542D2 /* Preview Assets.xcassets */,
			);
			path = "Preview Content";
			sourceTree = "<group>";
		};
		7BC51F4C2C7C82B7009542D2 /* Frameworks */ = {
			isa = PBXGroup;
			children = (
			);
			name = Frameworks;
			sourceTree = "<group>";
		};
		7BC51FBF2C7D3D4B009542D2 /* Views */ = {
			isa = PBXGroup;
			children = (
				7BC51F392C7C77B2009542D2 /* ContentView.swift */,
				7BC51F472C7C7FA3009542D2 /* WatchAppHomeView.swift */,
				7BC51FBA2C7D04DE009542D2 /* WatchAppSettingsView.swift */,
				7BC51F492C7C80FE009542D2 /* WatchAppNightView.swift */,
				7BB762FD2C8262E600C43600 /* WatchAppActionView.swift */,
				7BB762FF2C82642900C43600 /* WatchAppDonateView.swift */,
			);
			path = Views;
			sourceTree = "<group>";
		};
		7BC51FC02C7D3DEF009542D2 /* Views */ = {
			isa = PBXGroup;
			children = (
				7BA0AE2E2C582F63004226FE /* ContentView.swift */,
				7BA0AE5A2C5AE980004226FE /* PhoneAppHomeView.swift */,
				7BA0AE562C5834F6004226FE /* PhoneAppConnectView.swift */,
				7B9B7A7A2C875453004B30FD /* PhoneAppSettingsView.swift */,
				7BA0AE5C2C5AEB89004226FE /* PhoneAppDonateView.swift */,
				7B183E9A2C84C9540018A24F /* PhoneAppInsulinDeliveryView.swift */,
			);
			path = Views;
			sourceTree = "<group>";
		};
		7BFD83592C84E47500A9B195 /* InsulinModel */ = {
			isa = PBXGroup;
			children = (
				7BFD835A2C84E48800A9B195 /* InsulinModel.swift */,
				7BFD835D2C84E48E00A9B195 /* ExponentialInsulinModel.swift */,
			);
			path = InsulinModel;
			sourceTree = "<group>";
		};
/* End PBXGroup section */

/* Begin PBXNativeTarget section */
		7BA0AE282C582F63004226FE /* LibreWrist */ = {
			isa = PBXNativeTarget;
			buildConfigurationList = 7BA0AE4D2C582F64004226FE /* Build configuration list for PBXNativeTarget "LibreWrist" */;
			buildPhases = (
				7BA0AE252C582F63004226FE /* Sources */,
				7BA0AE262C582F63004226FE /* Frameworks */,
				7BA0AE272C582F63004226FE /* Resources */,
				7BC51F462C7C77B3009542D2 /* Embed Watch Content */,
			);
			buildRules = (
			);
			dependencies = (
				7BC51F412C7C77B3009542D2 /* PBXTargetDependency */,
			);
			name = LibreWrist;
			packageProductDependencies = (
				7BBD27872C7154F4001A71E7 /* SecureDefaults */,
			);
			productName = LibreWrist;
			productReference = 7BA0AE292C582F63004226FE /* LibreWrist.app */;
			productType = "com.apple.product-type.application";
		};
		7BA0AE382C582F64004226FE /* LibreWristTests */ = {
			isa = PBXNativeTarget;
			buildConfigurationList = 7BA0AE502C582F64004226FE /* Build configuration list for PBXNativeTarget "LibreWristTests" */;
			buildPhases = (
				7BA0AE352C582F64004226FE /* Sources */,
				7BA0AE362C582F64004226FE /* Frameworks */,
				7BA0AE372C582F64004226FE /* Resources */,
			);
			buildRules = (
			);
			dependencies = (
				7BA0AE3B2C582F64004226FE /* PBXTargetDependency */,
			);
			name = LibreWristTests;
			productName = LibreWristTests;
			productReference = 7BA0AE392C582F64004226FE /* LibreWristTests.xctest */;
			productType = "com.apple.product-type.bundle.unit-test";
		};
		7BA0AE422C582F64004226FE /* LibreWristUITests */ = {
			isa = PBXNativeTarget;
			buildConfigurationList = 7BA0AE532C582F64004226FE /* Build configuration list for PBXNativeTarget "LibreWristUITests" */;
			buildPhases = (
				7BA0AE3F2C582F64004226FE /* Sources */,
				7BA0AE402C582F64004226FE /* Frameworks */,
				7BA0AE412C582F64004226FE /* Resources */,
			);
			buildRules = (
			);
			dependencies = (
				7BA0AE452C582F64004226FE /* PBXTargetDependency */,
			);
			name = LibreWristUITests;
			productName = LibreWristUITests;
			productReference = 7BA0AE432C582F64004226FE /* LibreWristUITests.xctest */;
			productType = "com.apple.product-type.bundle.ui-testing";
		};
		7BC51F342C7C77B2009542D2 /* LibreWristWatch Watch App */ = {
			isa = PBXNativeTarget;
			buildConfigurationList = 7BC51F432C7C77B3009542D2 /* Build configuration list for PBXNativeTarget "LibreWristWatch Watch App" */;
			buildPhases = (
				7BC51F312C7C77B2009542D2 /* Sources */,
				7BC51F322C7C77B2009542D2 /* Frameworks */,
				7BC51F332C7C77B2009542D2 /* Resources */,
			);
			buildRules = (
			);
			dependencies = (
			);
			name = "LibreWristWatch Watch App";
			packageProductDependencies = (
				7BC51F4D2C7C82B7009542D2 /* SecureDefaults */,
			);
			productName = "LibreWristWatch Watch App";
			productReference = 7BC51F352C7C77B2009542D2 /* LibreWristWatch Watch App.app */;
			productType = "com.apple.product-type.application";
		};
/* End PBXNativeTarget section */

/* Begin PBXProject section */
		7BA0AE212C582F63004226FE /* Project object */ = {
			isa = PBXProject;
			attributes = {
				BuildIndependentTargetsInParallel = 1;
				LastSwiftUpdateCheck = 1540;
				LastUpgradeCheck = 1540;
				TargetAttributes = {
					7BA0AE282C582F63004226FE = {
						CreatedOnToolsVersion = 15.4;
					};
					7BA0AE382C582F64004226FE = {
						CreatedOnToolsVersion = 15.4;
						TestTargetID = 7BA0AE282C582F63004226FE;
					};
					7BA0AE422C582F64004226FE = {
						CreatedOnToolsVersion = 15.4;
						TestTargetID = 7BA0AE282C582F63004226FE;
					};
					7BC51F342C7C77B2009542D2 = {
						CreatedOnToolsVersion = 15.4;
					};
				};
			};
			buildConfigurationList = 7BA0AE242C582F63004226FE /* Build configuration list for PBXProject "LibreWrist" */;
			compatibilityVersion = "Xcode 14.0";
			developmentRegion = en;
			hasScannedForEncodings = 0;
			knownRegions = (
				en,
				Base,
				de,
			);
			mainGroup = 7BA0AE202C582F63004226FE;
			packageReferences = (
				7BBD27862C7154F4001A71E7 /* XCRemoteSwiftPackageReference "SecureDefaults" */,
			);
			productRefGroup = 7BA0AE2A2C582F63004226FE /* Products */;
			projectDirPath = "";
			projectRoot = "";
			targets = (
				7BA0AE282C582F63004226FE /* LibreWrist */,
				7BA0AE382C582F64004226FE /* LibreWristTests */,
				7BA0AE422C582F64004226FE /* LibreWristUITests */,
				7BC51F342C7C77B2009542D2 /* LibreWristWatch Watch App */,
			);
		};
/* End PBXProject section */

/* Begin PBXResourcesBuildPhase section */
		7BA0AE272C582F63004226FE /* Resources */ = {
			isa = PBXResourcesBuildPhase;
			buildActionMask = 2147483647;
			files = (
				7BA0AE342C582F64004226FE /* Preview Assets.xcassets in Resources */,
				7BA0AE312C582F64004226FE /* Assets.xcassets in Resources */,
				7B435CD22C6D51F9006F6E53 /* Localizable.xcstrings in Resources */,
			);
			runOnlyForDeploymentPostprocessing = 0;
		};
		7BA0AE372C582F64004226FE /* Resources */ = {
			isa = PBXResourcesBuildPhase;
			buildActionMask = 2147483647;
			files = (
			);
			runOnlyForDeploymentPostprocessing = 0;
		};
		7BA0AE412C582F64004226FE /* Resources */ = {
			isa = PBXResourcesBuildPhase;
			buildActionMask = 2147483647;
			files = (
			);
			runOnlyForDeploymentPostprocessing = 0;
		};
		7BC51F332C7C77B2009542D2 /* Resources */ = {
			isa = PBXResourcesBuildPhase;
			buildActionMask = 2147483647;
			files = (
				7BC51F3F2C7C77B3009542D2 /* Preview Assets.xcassets in Resources */,
				7BC51F3C2C7C77B3009542D2 /* Assets.xcassets in Resources */,
			);
			runOnlyForDeploymentPostprocessing = 0;
		};
/* End PBXResourcesBuildPhase section */

/* Begin PBXSourcesBuildPhase section */
		7BA0AE252C582F63004226FE /* Sources */ = {
			isa = PBXSourcesBuildPhase;
			buildActionMask = 2147483647;
			files = (
				7BFD835B2C84E48800A9B195 /* InsulinModel.swift in Sources */,
				7BA0AE572C5834F6004226FE /* PhoneAppConnectView.swift in Sources */,
				7BCA58692C8A292600C50F11 /* SensorSettings.swift in Sources */,
				7BADE0122C73E3440074A47F /* SensorType.swift in Sources */,
				7BFD83572C84DF6200A9B195 /* InsulinObjects.swift in Sources */,
				7B462BFD2C7FBAC8003FEDC3 /* MeasurementColor.swift in Sources */,
				7BADE01D2C73E4E70074A47F /* Int.swift in Sources */,
				7B183E9B2C84C9540018A24F /* PhoneAppInsulinDeliveryView.swift in Sources */,
				7BADE00E2C73E1E60074A47F /* Sensor.swift in Sources */,
				7B435CCC2C6D46DF006F6E53 /* Logger.swift in Sources */,
				7BADE0192C73E4520074A47F /* FactoryCalibrations.swift in Sources */,
				7BADE01F2C73E5C70074A47F /* SensorReading.swift in Sources */,
				7BFD835E2C84E48E00A9B195 /* ExponentialInsulinModel.swift in Sources */,
				7B01A98E2C700FE200B745BB /* UserDefaults.swift in Sources */,
				7BADE0142C73E3770074A47F /* SensorRegion.swift in Sources */,
				7B183E972C84B09D0018A24F /* PhoneToWatchConnector.swift in Sources */,
				7BADE01B2C73E4B60074A47F /* Data.swift in Sources */,
				7B435CD42C6D57F5006F6E53 /* String.swift in Sources */,
				7BADE0162C73E3990074A47F /* SensorState.swift in Sources */,
				7B1A7CA42C79E413006D603C /* LibreLinkUp.swift in Sources */,
				7BC51F512C7C8413009542D2 /* TrendArrow.swift in Sources */,
				7B435CD02C6D5103006F6E53 /* Date.swift in Sources */,
				7BADE0212C73EB060074A47F /* Double.swift in Sources */,
				7B0635792C6EC46C00150802 /* LibreLinkUpConnection.swift in Sources */,
				7BBD278A2C7155BE001A71E7 /* SecureDefaults.swift in Sources */,
				7BC51FBD2C7D31C3009542D2 /* History.swift in Sources */,
				7BADE0232C73EB450074A47F /* GlucoseUnit.swift in Sources */,
				7B9B7A7B2C875453004B30FD /* PhoneAppSettingsView.swift in Sources */,
				7B1A7CA82C79EF7C006D603C /* MainDelegate.swift in Sources */,
				7BADE0102C73E30C0074A47F /* SensorFamily.swift in Sources */,
				7BA0AE5B2C5AE980004226FE /* PhoneAppHomeView.swift in Sources */,
				7BA0AE5D2C5AEB89004226FE /* PhoneAppDonateView.swift in Sources */,
				7B1A7CA62C79E8E2006D603C /* Settings.swift in Sources */,
				7BA0AE2F2C582F63004226FE /* ContentView.swift in Sources */,
				7BA0AE2D2C582F63004226FE /* LibreWristApp.swift in Sources */,
			);
			runOnlyForDeploymentPostprocessing = 0;
		};
		7BA0AE352C582F64004226FE /* Sources */ = {
			isa = PBXSourcesBuildPhase;
			buildActionMask = 2147483647;
			files = (
				7BA0AE3E2C582F64004226FE /* LibreWristTests.swift in Sources */,
			);
			runOnlyForDeploymentPostprocessing = 0;
		};
		7BA0AE3F2C582F64004226FE /* Sources */ = {
			isa = PBXSourcesBuildPhase;
			buildActionMask = 2147483647;
			files = (
				7BA0AE482C582F64004226FE /* LibreWristUITests.swift in Sources */,
				7BA0AE4A2C582F64004226FE /* LibreWristUITestsLaunchTests.swift in Sources */,
			);
			runOnlyForDeploymentPostprocessing = 0;
		};
		7BC51F312C7C77B2009542D2 /* Sources */ = {
			isa = PBXSourcesBuildPhase;
			buildActionMask = 2147483647;
			files = (
				7BC51F3A2C7C77B2009542D2 /* ContentView.swift in Sources */,
				7BC51F482C7C7FA3009542D2 /* WatchAppHomeView.swift in Sources */,
				7BC51F4B2C7C822C009542D2 /* LibreLinkUp.swift in Sources */,
				7BFD83582C84DF6200A9B195 /* InsulinObjects.swift in Sources */,
				7BC51FBB2C7D04DE009542D2 /* WatchAppSettingsView.swift in Sources */,
				7BB763002C82642900C43600 /* WatchAppDonateView.swift in Sources */,
				7BC51F4F2C7C8308009542D2 /* Int.swift in Sources */,
				7BB763032C8348BE00C43600 /* SecureDefaults.swift in Sources */,
				7B183E992C84B0AA0018A24F /* WatchToPhoneConnector.swift in Sources */,
				7BC51F552C7C851A009542D2 /* Settings.swift in Sources */,
				7BC51F382C7C77B2009542D2 /* LibreWristWatchApp.swift in Sources */,
				7BC51F5B2C7C8589009542D2 /* SensorType.swift in Sources */,
				7BC51F592C7C8564009542D2 /* Data.swift in Sources */,
				7BC51FBE2C7D31C3009542D2 /* History.swift in Sources */,
				7B462BFE2C7FC46A003FEDC3 /* MeasurementColor.swift in Sources */,
				7BC51F602C7C9406009542D2 /* FactoryCalibrations.swift in Sources */,
				7BB762FE2C8262E600C43600 /* WatchAppActionView.swift in Sources */,
				7BC51F572C7C853B009542D2 /* Logger.swift in Sources */,
				7BCA586A2C8A292600C50F11 /* SensorSettings.swift in Sources */,
				7BFD835C2C84E48800A9B195 /* InsulinModel.swift in Sources */,
				7BC51F522C7C8413009542D2 /* TrendArrow.swift in Sources */,
				7BFD835F2C84E48E00A9B195 /* ExponentialInsulinModel.swift in Sources */,
				7BC51F532C7C84B6009542D2 /* GlucoseUnit.swift in Sources */,
				7BC51F542C7C84E7009542D2 /* Double.swift in Sources */,
				7BC51F5A2C7C8573009542D2 /* String.swift in Sources */,
				7BC51F582C7C854F009542D2 /* Date.swift in Sources */,
				7BC51F4A2C7C80FE009542D2 /* WatchAppNightView.swift in Sources */,
			);
			runOnlyForDeploymentPostprocessing = 0;
		};
/* End PBXSourcesBuildPhase section */

/* Begin PBXTargetDependency section */
		7BA0AE3B2C582F64004226FE /* PBXTargetDependency */ = {
			isa = PBXTargetDependency;
			target = 7BA0AE282C582F63004226FE /* LibreWrist */;
			targetProxy = 7BA0AE3A2C582F64004226FE /* PBXContainerItemProxy */;
		};
		7BA0AE452C582F64004226FE /* PBXTargetDependency */ = {
			isa = PBXTargetDependency;
			target = 7BA0AE282C582F63004226FE /* LibreWrist */;
			targetProxy = 7BA0AE442C582F64004226FE /* PBXContainerItemProxy */;
		};
		7BC51F412C7C77B3009542D2 /* PBXTargetDependency */ = {
			isa = PBXTargetDependency;
			target = 7BC51F342C7C77B2009542D2 /* LibreWristWatch Watch App */;
			targetProxy = 7BC51F402C7C77B3009542D2 /* PBXContainerItemProxy */;
		};
/* End PBXTargetDependency section */

/* Begin XCBuildConfiguration section */
		7BA0AE4B2C582F64004226FE /* Debug */ = {
			isa = XCBuildConfiguration;
			buildSettings = {
				ALWAYS_SEARCH_USER_PATHS = NO;
				ASSETCATALOG_COMPILER_GENERATE_SWIFT_ASSET_SYMBOL_EXTENSIONS = YES;
				CLANG_ANALYZER_NONNULL = YES;
				CLANG_ANALYZER_NUMBER_OBJECT_CONVERSION = YES_AGGRESSIVE;
				CLANG_CXX_LANGUAGE_STANDARD = "gnu++20";
				CLANG_ENABLE_MODULES = YES;
				CLANG_ENABLE_OBJC_ARC = YES;
				CLANG_ENABLE_OBJC_WEAK = YES;
				CLANG_WARN_BLOCK_CAPTURE_AUTORELEASING = YES;
				CLANG_WARN_BOOL_CONVERSION = YES;
				CLANG_WARN_COMMA = YES;
				CLANG_WARN_CONSTANT_CONVERSION = YES;
				CLANG_WARN_DEPRECATED_OBJC_IMPLEMENTATIONS = YES;
				CLANG_WARN_DIRECT_OBJC_ISA_USAGE = YES_ERROR;
				CLANG_WARN_DOCUMENTATION_COMMENTS = YES;
				CLANG_WARN_EMPTY_BODY = YES;
				CLANG_WARN_ENUM_CONVERSION = YES;
				CLANG_WARN_INFINITE_RECURSION = YES;
				CLANG_WARN_INT_CONVERSION = YES;
				CLANG_WARN_NON_LITERAL_NULL_CONVERSION = YES;
				CLANG_WARN_OBJC_IMPLICIT_RETAIN_SELF = YES;
				CLANG_WARN_OBJC_LITERAL_CONVERSION = YES;
				CLANG_WARN_OBJC_ROOT_CLASS = YES_ERROR;
				CLANG_WARN_QUOTED_INCLUDE_IN_FRAMEWORK_HEADER = YES;
				CLANG_WARN_RANGE_LOOP_ANALYSIS = YES;
				CLANG_WARN_STRICT_PROTOTYPES = YES;
				CLANG_WARN_SUSPICIOUS_MOVE = YES;
				CLANG_WARN_UNGUARDED_AVAILABILITY = YES_AGGRESSIVE;
				CLANG_WARN_UNREACHABLE_CODE = YES;
				CLANG_WARN__DUPLICATE_METHOD_MATCH = YES;
				COPY_PHASE_STRIP = NO;
				DEBUG_INFORMATION_FORMAT = dwarf;
				ENABLE_STRICT_OBJC_MSGSEND = YES;
				ENABLE_TESTABILITY = YES;
				ENABLE_USER_SCRIPT_SANDBOXING = YES;
				GCC_C_LANGUAGE_STANDARD = gnu17;
				GCC_DYNAMIC_NO_PIC = NO;
				GCC_NO_COMMON_BLOCKS = YES;
				GCC_OPTIMIZATION_LEVEL = 0;
				GCC_PREPROCESSOR_DEFINITIONS = (
					"DEBUG=1",
					"$(inherited)",
				);
				GCC_WARN_64_TO_32_BIT_CONVERSION = YES;
				GCC_WARN_ABOUT_RETURN_TYPE = YES_ERROR;
				GCC_WARN_UNDECLARED_SELECTOR = YES;
				GCC_WARN_UNINITIALIZED_AUTOS = YES_AGGRESSIVE;
				GCC_WARN_UNUSED_FUNCTION = YES;
				GCC_WARN_UNUSED_VARIABLE = YES;
				IPHONEOS_DEPLOYMENT_TARGET = 17.5;
				LOCALIZATION_PREFERS_STRING_CATALOGS = YES;
				MTL_ENABLE_DEBUG_INFO = INCLUDE_SOURCE;
				MTL_FAST_MATH = YES;
				ONLY_ACTIVE_ARCH = YES;
				SDKROOT = iphoneos;
				SWIFT_ACTIVE_COMPILATION_CONDITIONS = "DEBUG $(inherited)";
				SWIFT_OPTIMIZATION_LEVEL = "-Onone";
			};
			name = Debug;
		};
		7BA0AE4C2C582F64004226FE /* Release */ = {
			isa = XCBuildConfiguration;
			buildSettings = {
				ALWAYS_SEARCH_USER_PATHS = NO;
				ASSETCATALOG_COMPILER_GENERATE_SWIFT_ASSET_SYMBOL_EXTENSIONS = YES;
				CLANG_ANALYZER_NONNULL = YES;
				CLANG_ANALYZER_NUMBER_OBJECT_CONVERSION = YES_AGGRESSIVE;
				CLANG_CXX_LANGUAGE_STANDARD = "gnu++20";
				CLANG_ENABLE_MODULES = YES;
				CLANG_ENABLE_OBJC_ARC = YES;
				CLANG_ENABLE_OBJC_WEAK = YES;
				CLANG_WARN_BLOCK_CAPTURE_AUTORELEASING = YES;
				CLANG_WARN_BOOL_CONVERSION = YES;
				CLANG_WARN_COMMA = YES;
				CLANG_WARN_CONSTANT_CONVERSION = YES;
				CLANG_WARN_DEPRECATED_OBJC_IMPLEMENTATIONS = YES;
				CLANG_WARN_DIRECT_OBJC_ISA_USAGE = YES_ERROR;
				CLANG_WARN_DOCUMENTATION_COMMENTS = YES;
				CLANG_WARN_EMPTY_BODY = YES;
				CLANG_WARN_ENUM_CONVERSION = YES;
				CLANG_WARN_INFINITE_RECURSION = YES;
				CLANG_WARN_INT_CONVERSION = YES;
				CLANG_WARN_NON_LITERAL_NULL_CONVERSION = YES;
				CLANG_WARN_OBJC_IMPLICIT_RETAIN_SELF = YES;
				CLANG_WARN_OBJC_LITERAL_CONVERSION = YES;
				CLANG_WARN_OBJC_ROOT_CLASS = YES_ERROR;
				CLANG_WARN_QUOTED_INCLUDE_IN_FRAMEWORK_HEADER = YES;
				CLANG_WARN_RANGE_LOOP_ANALYSIS = YES;
				CLANG_WARN_STRICT_PROTOTYPES = YES;
				CLANG_WARN_SUSPICIOUS_MOVE = YES;
				CLANG_WARN_UNGUARDED_AVAILABILITY = YES_AGGRESSIVE;
				CLANG_WARN_UNREACHABLE_CODE = YES;
				CLANG_WARN__DUPLICATE_METHOD_MATCH = YES;
				COPY_PHASE_STRIP = NO;
				DEBUG_INFORMATION_FORMAT = "dwarf-with-dsym";
				ENABLE_NS_ASSERTIONS = NO;
				ENABLE_STRICT_OBJC_MSGSEND = YES;
				ENABLE_USER_SCRIPT_SANDBOXING = YES;
				GCC_C_LANGUAGE_STANDARD = gnu17;
				GCC_NO_COMMON_BLOCKS = YES;
				GCC_WARN_64_TO_32_BIT_CONVERSION = YES;
				GCC_WARN_ABOUT_RETURN_TYPE = YES_ERROR;
				GCC_WARN_UNDECLARED_SELECTOR = YES;
				GCC_WARN_UNINITIALIZED_AUTOS = YES_AGGRESSIVE;
				GCC_WARN_UNUSED_FUNCTION = YES;
				GCC_WARN_UNUSED_VARIABLE = YES;
				IPHONEOS_DEPLOYMENT_TARGET = 17.5;
				LOCALIZATION_PREFERS_STRING_CATALOGS = YES;
				MTL_ENABLE_DEBUG_INFO = NO;
				MTL_FAST_MATH = YES;
				SDKROOT = iphoneos;
				SWIFT_COMPILATION_MODE = wholemodule;
				VALIDATE_PRODUCT = YES;
			};
			name = Release;
		};
		7BA0AE4E2C582F64004226FE /* Debug */ = {
			isa = XCBuildConfiguration;
			baseConfigurationReference = 7BC51F612C7C9CD1009542D2 /* LibreWristConfig.xcconfig */;
			buildSettings = {
				ALWAYS_EMBED_SWIFT_STANDARD_LIBRARIES = YES;
				ASSETCATALOG_COMPILER_APPICON_NAME = AppIcon;
				ASSETCATALOG_COMPILER_GLOBAL_ACCENT_COLOR_NAME = AccentColor;
				CODE_SIGN_ENTITLEMENTS = LibreWrist/LibreWrist.entitlements;
				CODE_SIGN_STYLE = Automatic;
				CURRENT_PROJECT_VERSION = 3;
				DEVELOPMENT_ASSET_PATHS = "\"LibreWrist/Preview Content\"";
				DEVELOPMENT_TEAM = 49Z678ZK52;
				ENABLE_PREVIEWS = YES;
				GENERATE_INFOPLIST_FILE = YES;
				INFOPLIST_FILE = LibreWrist/Info.plist;
				INFOPLIST_KEY_UIApplicationSceneManifest_Generation = YES;
				INFOPLIST_KEY_UIApplicationSupportsIndirectInputEvents = YES;
				INFOPLIST_KEY_UILaunchScreen_Generation = YES;
				INFOPLIST_KEY_UISupportedInterfaceOrientations_iPad = "UIInterfaceOrientationPortrait UIInterfaceOrientationPortraitUpsideDown UIInterfaceOrientationLandscapeLeft UIInterfaceOrientationLandscapeRight";
				INFOPLIST_KEY_UISupportedInterfaceOrientations_iPhone = "UIInterfaceOrientationPortrait UIInterfaceOrientationLandscapeLeft UIInterfaceOrientationLandscapeRight";
				LD_RUNPATH_SEARCH_PATHS = (
					"$(inherited)",
					"@executable_path/Frameworks",
				);
				MARKETING_VERSION = 1.0;
				PRODUCT_BUNDLE_IDENTIFIER = "${PRODUCT_BUNDLE_IDENTIFIER}";
				PRODUCT_NAME = "$(TARGET_NAME)";
				SWIFT_EMIT_LOC_STRINGS = YES;
				SWIFT_VERSION = 5.0;
				TARGETED_DEVICE_FAMILY = "1,2";
			};
			name = Debug;
		};
		7BA0AE4F2C582F64004226FE /* Release */ = {
			isa = XCBuildConfiguration;
			baseConfigurationReference = 7BC51F612C7C9CD1009542D2 /* LibreWristConfig.xcconfig */;
			buildSettings = {
				ALWAYS_EMBED_SWIFT_STANDARD_LIBRARIES = YES;
				ASSETCATALOG_COMPILER_APPICON_NAME = AppIcon;
				ASSETCATALOG_COMPILER_GLOBAL_ACCENT_COLOR_NAME = AccentColor;
				CODE_SIGN_ENTITLEMENTS = LibreWrist/LibreWrist.entitlements;
				CODE_SIGN_STYLE = Automatic;
				CURRENT_PROJECT_VERSION = 3;
				DEVELOPMENT_ASSET_PATHS = "\"LibreWrist/Preview Content\"";
				DEVELOPMENT_TEAM = 49Z678ZK52;
				ENABLE_PREVIEWS = YES;
				GENERATE_INFOPLIST_FILE = YES;
				INFOPLIST_FILE = LibreWrist/Info.plist;
				INFOPLIST_KEY_UIApplicationSceneManifest_Generation = YES;
				INFOPLIST_KEY_UIApplicationSupportsIndirectInputEvents = YES;
				INFOPLIST_KEY_UILaunchScreen_Generation = YES;
				INFOPLIST_KEY_UISupportedInterfaceOrientations_iPad = "UIInterfaceOrientationPortrait UIInterfaceOrientationPortraitUpsideDown UIInterfaceOrientationLandscapeLeft UIInterfaceOrientationLandscapeRight";
				INFOPLIST_KEY_UISupportedInterfaceOrientations_iPhone = "UIInterfaceOrientationPortrait UIInterfaceOrientationLandscapeLeft UIInterfaceOrientationLandscapeRight";
				LD_RUNPATH_SEARCH_PATHS = (
					"$(inherited)",
					"@executable_path/Frameworks",
				);
				MARKETING_VERSION = 1.0;
				PRODUCT_BUNDLE_IDENTIFIER = "${PRODUCT_BUNDLE_IDENTIFIER}";
				PRODUCT_NAME = "$(TARGET_NAME)";
				SWIFT_EMIT_LOC_STRINGS = YES;
				SWIFT_VERSION = 5.0;
				TARGETED_DEVICE_FAMILY = "1,2";
			};
			name = Release;
		};
		7BA0AE512C582F64004226FE /* Debug */ = {
			isa = XCBuildConfiguration;
			buildSettings = {
				ALWAYS_EMBED_SWIFT_STANDARD_LIBRARIES = YES;
				BUNDLE_LOADER = "$(TEST_HOST)";
				CODE_SIGN_STYLE = Automatic;
				CURRENT_PROJECT_VERSION = 1;
				DEVELOPMENT_TEAM = 49Z678ZK52;
				GENERATE_INFOPLIST_FILE = YES;
				IPHONEOS_DEPLOYMENT_TARGET = 17.5;
				MARKETING_VERSION = 1.0;
				PRODUCT_BUNDLE_IDENTIFIER = de.poeml.philipp.LibreWristTests;
				PRODUCT_NAME = "$(TARGET_NAME)";
				SWIFT_EMIT_LOC_STRINGS = NO;
				SWIFT_VERSION = 5.0;
				TARGETED_DEVICE_FAMILY = "1,2";
				TEST_HOST = "$(BUILT_PRODUCTS_DIR)/LibreWrist.app/$(BUNDLE_EXECUTABLE_FOLDER_PATH)/LibreWrist";
			};
			name = Debug;
		};
		7BA0AE522C582F64004226FE /* Release */ = {
			isa = XCBuildConfiguration;
			buildSettings = {
				ALWAYS_EMBED_SWIFT_STANDARD_LIBRARIES = YES;
				BUNDLE_LOADER = "$(TEST_HOST)";
				CODE_SIGN_STYLE = Automatic;
				CURRENT_PROJECT_VERSION = 1;
				DEVELOPMENT_TEAM = 49Z678ZK52;
				GENERATE_INFOPLIST_FILE = YES;
				IPHONEOS_DEPLOYMENT_TARGET = 17.5;
				MARKETING_VERSION = 1.0;
				PRODUCT_BUNDLE_IDENTIFIER = de.poeml.philipp.LibreWristTests;
				PRODUCT_NAME = "$(TARGET_NAME)";
				SWIFT_EMIT_LOC_STRINGS = NO;
				SWIFT_VERSION = 5.0;
				TARGETED_DEVICE_FAMILY = "1,2";
				TEST_HOST = "$(BUILT_PRODUCTS_DIR)/LibreWrist.app/$(BUNDLE_EXECUTABLE_FOLDER_PATH)/LibreWrist";
			};
			name = Release;
		};
		7BA0AE542C582F64004226FE /* Debug */ = {
			isa = XCBuildConfiguration;
			buildSettings = {
				ALWAYS_EMBED_SWIFT_STANDARD_LIBRARIES = YES;
				CODE_SIGN_STYLE = Automatic;
				CURRENT_PROJECT_VERSION = 1;
				DEVELOPMENT_TEAM = 49Z678ZK52;
				GENERATE_INFOPLIST_FILE = YES;
				MARKETING_VERSION = 1.0;
				PRODUCT_BUNDLE_IDENTIFIER = de.poeml.philipp.LibreWristUITests;
				PRODUCT_NAME = "$(TARGET_NAME)";
				SWIFT_EMIT_LOC_STRINGS = NO;
				SWIFT_VERSION = 5.0;
				TARGETED_DEVICE_FAMILY = "1,2";
				TEST_TARGET_NAME = LibreWrist;
			};
			name = Debug;
		};
		7BA0AE552C582F64004226FE /* Release */ = {
			isa = XCBuildConfiguration;
			buildSettings = {
				ALWAYS_EMBED_SWIFT_STANDARD_LIBRARIES = YES;
				CODE_SIGN_STYLE = Automatic;
				CURRENT_PROJECT_VERSION = 1;
				DEVELOPMENT_TEAM = 49Z678ZK52;
				GENERATE_INFOPLIST_FILE = YES;
				MARKETING_VERSION = 1.0;
				PRODUCT_BUNDLE_IDENTIFIER = de.poeml.philipp.LibreWristUITests;
				PRODUCT_NAME = "$(TARGET_NAME)";
				SWIFT_EMIT_LOC_STRINGS = NO;
				SWIFT_VERSION = 5.0;
				TARGETED_DEVICE_FAMILY = "1,2";
				TEST_TARGET_NAME = LibreWrist;
			};
			name = Release;
		};
		7BC51F442C7C77B3009542D2 /* Debug */ = {
			isa = XCBuildConfiguration;
			baseConfigurationReference = 7BC51F612C7C9CD1009542D2 /* LibreWristConfig.xcconfig */;
			buildSettings = {
				ASSETCATALOG_COMPILER_APPICON_NAME = AppIcon;
				ASSETCATALOG_COMPILER_GLOBAL_ACCENT_COLOR_NAME = AccentColor;
				CODE_SIGN_ENTITLEMENTS = "LibreWristWatch Watch App/LibreWristWatch Watch App.entitlements";
				CODE_SIGN_STYLE = Automatic;
				CURRENT_PROJECT_VERSION = 3;
				DEVELOPMENT_ASSET_PATHS = "\"LibreWristWatch Watch App/Preview Content\"";
				DEVELOPMENT_TEAM = 49Z678ZK52;
				ENABLE_PREVIEWS = YES;
				GENERATE_INFOPLIST_FILE = YES;
				INFOPLIST_FILE = "LibreWristWatch-Watch-App-Info.plist";
				INFOPLIST_KEY_CFBundleDisplayName = LibreWristWatch;
				INFOPLIST_KEY_UISupportedInterfaceOrientations = "UIInterfaceOrientationPortrait UIInterfaceOrientationPortraitUpsideDown";
				INFOPLIST_KEY_WKCompanionAppBundleIdentifier = de.poeml.philipp.LibreWrist;
				LD_RUNPATH_SEARCH_PATHS = (
					"$(inherited)",
					"@executable_path/Frameworks",
				);
				MARKETING_VERSION = 1.0;
				PRODUCT_BUNDLE_IDENTIFIER = "${PRODUCT_BUNDLE_IDENTIFIER}.watchkitapp";
				PRODUCT_NAME = "$(TARGET_NAME)";
				SDKROOT = watchos;
				SKIP_INSTALL = YES;
				SWIFT_EMIT_LOC_STRINGS = YES;
				SWIFT_VERSION = 5.0;
				TARGETED_DEVICE_FAMILY = 4;
				WATCHOS_DEPLOYMENT_TARGET = 10.5;
			};
			name = Debug;
		};
		7BC51F452C7C77B3009542D2 /* Release */ = {
			isa = XCBuildConfiguration;
			baseConfigurationReference = 7BC51F612C7C9CD1009542D2 /* LibreWristConfig.xcconfig */;
			buildSettings = {
				ASSETCATALOG_COMPILER_APPICON_NAME = AppIcon;
				ASSETCATALOG_COMPILER_GLOBAL_ACCENT_COLOR_NAME = AccentColor;
				CODE_SIGN_ENTITLEMENTS = "LibreWristWatch Watch App/LibreWristWatch Watch App.entitlements";
				CODE_SIGN_STYLE = Automatic;
				CURRENT_PROJECT_VERSION = 3;
				DEVELOPMENT_ASSET_PATHS = "\"LibreWristWatch Watch App/Preview Content\"";
				DEVELOPMENT_TEAM = 49Z678ZK52;
				ENABLE_PREVIEWS = YES;
				GENERATE_INFOPLIST_FILE = YES;
				INFOPLIST_FILE = "LibreWristWatch-Watch-App-Info.plist";
				INFOPLIST_KEY_CFBundleDisplayName = LibreWristWatch;
				INFOPLIST_KEY_UISupportedInterfaceOrientations = "UIInterfaceOrientationPortrait UIInterfaceOrientationPortraitUpsideDown";
				INFOPLIST_KEY_WKCompanionAppBundleIdentifier = de.poeml.philipp.LibreWrist;
				LD_RUNPATH_SEARCH_PATHS = (
					"$(inherited)",
					"@executable_path/Frameworks",
				);
				MARKETING_VERSION = 1.0;
				PRODUCT_BUNDLE_IDENTIFIER = "${PRODUCT_BUNDLE_IDENTIFIER}.watchkitapp";
				PRODUCT_NAME = "$(TARGET_NAME)";
				SDKROOT = watchos;
				SKIP_INSTALL = YES;
				SWIFT_EMIT_LOC_STRINGS = YES;
				SWIFT_VERSION = 5.0;
				TARGETED_DEVICE_FAMILY = 4;
				WATCHOS_DEPLOYMENT_TARGET = 10.5;
			};
			name = Release;
		};
/* End XCBuildConfiguration section */

/* Begin XCConfigurationList section */
		7BA0AE242C582F63004226FE /* Build configuration list for PBXProject "LibreWrist" */ = {
			isa = XCConfigurationList;
			buildConfigurations = (
				7BA0AE4B2C582F64004226FE /* Debug */,
				7BA0AE4C2C582F64004226FE /* Release */,
			);
			defaultConfigurationIsVisible = 0;
			defaultConfigurationName = Release;
		};
		7BA0AE4D2C582F64004226FE /* Build configuration list for PBXNativeTarget "LibreWrist" */ = {
			isa = XCConfigurationList;
			buildConfigurations = (
				7BA0AE4E2C582F64004226FE /* Debug */,
				7BA0AE4F2C582F64004226FE /* Release */,
			);
			defaultConfigurationIsVisible = 0;
			defaultConfigurationName = Release;
		};
		7BA0AE502C582F64004226FE /* Build configuration list for PBXNativeTarget "LibreWristTests" */ = {
			isa = XCConfigurationList;
			buildConfigurations = (
				7BA0AE512C582F64004226FE /* Debug */,
				7BA0AE522C582F64004226FE /* Release */,
			);
			defaultConfigurationIsVisible = 0;
			defaultConfigurationName = Release;
		};
		7BA0AE532C582F64004226FE /* Build configuration list for PBXNativeTarget "LibreWristUITests" */ = {
			isa = XCConfigurationList;
			buildConfigurations = (
				7BA0AE542C582F64004226FE /* Debug */,
				7BA0AE552C582F64004226FE /* Release */,
			);
			defaultConfigurationIsVisible = 0;
			defaultConfigurationName = Release;
		};
		7BC51F432C7C77B3009542D2 /* Build configuration list for PBXNativeTarget "LibreWristWatch Watch App" */ = {
			isa = XCConfigurationList;
			buildConfigurations = (
				7BC51F442C7C77B3009542D2 /* Debug */,
				7BC51F452C7C77B3009542D2 /* Release */,
			);
			defaultConfigurationIsVisible = 0;
			defaultConfigurationName = Release;
		};
/* End XCConfigurationList section */

/* Begin XCRemoteSwiftPackageReference section */
		7BBD27862C7154F4001A71E7 /* XCRemoteSwiftPackageReference "SecureDefaults" */ = {
			isa = XCRemoteSwiftPackageReference;
			repositoryURL = "https://github.com/vpeschenkov/SecureDefaults.git";
			requirement = {
				kind = upToNextMajorVersion;
				minimumVersion = 1.2.2;
			};
		};
/* End XCRemoteSwiftPackageReference section */

/* Begin XCSwiftPackageProductDependency section */
		7BBD27872C7154F4001A71E7 /* SecureDefaults */ = {
			isa = XCSwiftPackageProductDependency;
			package = 7BBD27862C7154F4001A71E7 /* XCRemoteSwiftPackageReference "SecureDefaults" */;
			productName = SecureDefaults;
		};
		7BC51F4D2C7C82B7009542D2 /* SecureDefaults */ = {
			isa = XCSwiftPackageProductDependency;
			package = 7BBD27862C7154F4001A71E7 /* XCRemoteSwiftPackageReference "SecureDefaults" */;
			productName = SecureDefaults;
		};
/* End XCSwiftPackageProductDependency section */
	};
	rootObject = 7BA0AE212C582F63004226FE /* Project object */;
}
