{
  "originHash" : "1d709e143a97ec882e5c842eb7bcaf77263f5220d64d0075b77b9dcc946c7b28",
  "pins" : [
    {
      "identity" : "securedefaults",
      "kind" : "remoteSourceControl",
      "location" : "https://github.com/vpeschenkov/SecureDefaults.git",
      "state" : {
        "revision" : "3f9d5d19f7401250791840bff857ed5f6b8c8ddf",
        "version" : "1.2.2"
      }
    }
  ],
  "version" : 3
}
